
Microsoft Visual Studio Solution File, Format Version 12.00
# Visual Studio Version 17
VisualStudioVersion = 17.10.35122.118
MinimumVisualStudioVersion = 10.0.40219.1
Project("{FAE04EC0-301F-11D3-BF4B-00C04F79EFBC}") = "Bushman.Secrets.Test", "Bushman.Secrets.Test\Bushman.Secrets.Test.csproj", "{65AB9EF8-0D91-4973-ABB1-839795EF65CE}"
EndProject
Project("{FAE04EC0-301F-11D3-BF4B-00C04F79EFBC}") = "Bushman.Extensions.Configuration.Secrets.Test", "Bushman.Extensions.Configuration.Secrets.Test\Bushman.Extensions.Configuration.Secrets.Test.csproj", "{223832DE-559B-4FB7-A3F3-D73CB22E32EF}"
EndProject
Project("{2150E333-8FDC-42A3-9474-1A3956D46DE8}") = "Solution Items", "Solution Items", "{472F37A5-E6C6-4E6F-BE40-0D9B66D79AF8}"
	ProjectSection(SolutionItems) = preProject
		readme.md = readme.md
	EndProjectSection
EndProject
Project("{9A19103F-16F7-4668-BE54-9A1E7A4F7556}") = "Bushman.Secrets.Abstractions", "Bushman.Secrets.Abstractions\Bushman.Secrets.Abstractions.csproj", "{58A9B5FE-1DA2-4B2F-BFA8-1D85AD198F23}"
EndProject
Project("{9A19103F-16F7-4668-BE54-9A1E7A4F7556}") = "Bushman.Secrets", "Bushman.Secrets\Bushman.Secrets.csproj", "{6A907CC3-0845-4A11-A25F-1B04C9F948D5}"
EndProject
Project("{9A19103F-16F7-4668-BE54-9A1E7A4F7556}") = "Bushman.Extensions.Configuration.Secrets", "Bushman.Extensions.Configuration.Secrets\Bushman.Extensions.Configuration.Secrets.csproj", "{AC3BDBFC-4D64-4033-ACCE-2FFD055A2C37}"
EndProject
Project("{FAE04EC0-301F-11D3-BF4B-00C04F79EFBC}") = "Bushman.Secrets.CLI", "Bushman.Secrets.CLI\Bushman.Secrets.CLI.csproj", "{D799E8C0-4458-4FCE-A474-B429CD377D21}"
EndProject
Global
	GlobalSection(SolutionConfigurationPlatforms) = preSolution
		Debug|Any CPU = Debug|Any CPU
		Release|Any CPU = Release|Any CPU
	EndGlobalSection
	GlobalSection(ProjectConfigurationPlatforms) = postSolution
		{65AB9EF8-0D91-4973-ABB1-839795EF65CE}.Debug|Any CPU.ActiveCfg = Debug|Any CPU
		{65AB9EF8-0D91-4973-ABB1-839795EF65CE}.Debug|Any CPU.Build.0 = Debug|Any CPU
		{65AB9EF8-0D91-4973-ABB1-839795EF65CE}.Release|Any CPU.ActiveCfg = Release|Any CPU
		{65AB9EF8-0D91-4973-ABB1-839795EF65CE}.Release|Any CPU.Build.0 = Release|Any CPU
		{223832DE-559B-4FB7-A3F3-D73CB22E32EF}.Debug|Any CPU.ActiveCfg = Debug|Any CPU
		{223832DE-559B-4FB7-A3F3-D73CB22E32EF}.Debug|Any CPU.Build.0 = Debug|Any CPU
		{223832DE-559B-4FB7-A3F3-D73CB22E32EF}.Release|Any CPU.ActiveCfg = Release|Any CPU
		{223832DE-559B-4FB7-A3F3-D73CB22E32EF}.Release|Any CPU.Build.0 = Release|Any CPU
		{58A9B5FE-1DA2-4B2F-BFA8-1D85AD198F23}.Debug|Any CPU.ActiveCfg = Debug|Any CPU
		{58A9B5FE-1DA2-4B2F-BFA8-1D85AD198F23}.Debug|Any CPU.Build.0 = Debug|Any CPU
		{58A9B5FE-1DA2-4B2F-BFA8-1D85AD198F23}.Release|Any CPU.ActiveCfg = Release|Any CPU
		{58A9B5FE-1DA2-4B2F-BFA8-1D85AD198F23}.Release|Any CPU.Build.0 = Release|Any CPU
		{6A907CC3-0845-4A11-A25F-1B04C9F948D5}.Debug|Any CPU.ActiveCfg = Debug|Any CPU
		{6A907CC3-0845-4A11-A25F-1B04C9F948D5}.Debug|Any CPU.Build.0 = Debug|Any CPU
		{6A907CC3-0845-4A11-A25F-1B04C9F948D5}.Release|Any CPU.ActiveCfg = Release|Any CPU
		{6A907CC3-0845-4A11-A25F-1B04C9F948D5}.Release|Any CPU.Build.0 = Release|Any CPU
		{AC3BDBFC-4D64-4033-ACCE-2FFD055A2C37}.Debug|Any CPU.ActiveCfg = Debug|Any CPU
		{AC3BDBFC-4D64-4033-ACCE-2FFD055A2C37}.Debug|Any CPU.Build.0 = Debug|Any CPU
		{AC3BDBFC-4D64-4033-ACCE-2FFD055A2C37}.Release|Any CPU.ActiveCfg = Release|Any CPU
		{AC3BDBFC-4D64-4033-ACCE-2FFD055A2C37}.Release|Any CPU.Build.0 = Release|Any CPU
		{D799E8C0-4458-4FCE-A474-B429CD377D21}.Debug|Any CPU.ActiveCfg = Debug|Any CPU
		{D799E8C0-4458-4FCE-A474-B429CD377D21}.Debug|Any CPU.Build.0 = Debug|Any CPU
		{D799E8C0-4458-4FCE-A474-B429CD377D21}.Release|Any CPU.ActiveCfg = Release|Any CPU
		{D799E8C0-4458-4FCE-A474-B429CD377D21}.Release|Any CPU.Build.0 = Release|Any CPU
	EndGlobalSection
	GlobalSection(SolutionProperties) = preSolution
		HideSolutionNode = FALSE
	EndGlobalSection
	GlobalSection(ExtensibilityGlobals) = postSolution
		SolutionGuid = {F018DD31-8A8F-4452-A8F3-B433682CB06B}
	EndGlobalSection
EndGlobal
