
Microsoft Visual Studio Solution File, Format Version 12.00
# Visual Studio Version 17
VisualStudioVersion = 17.10.35122.118
MinimumVisualStudioVersion = 10.0.40219.1
Project("{FAE04EC0-301F-11D3-BF4B-00C04F79EFBC}") = "Bushman.Secrets", "Bushman.Secrets\Bushman.Secrets.csproj", "{913803EB-4C2E-4D0A-96BE-EE7C893676F5}"
EndProject
Project("{FAE04EC0-301F-11D3-BF4B-00C04F79EFBC}") = "Bushman.Extensions.Configuration.Secrets", "Bushman.Extensions.Configuration.Secrets\Bushman.Extensions.Configuration.Secrets.csproj", "{76EE08A0-6088-44B0-AF27-AA2DA360C3F2}"
EndProject
Project("{FAE04EC0-301F-11D3-BF4B-00C04F79EFBC}") = "Bushman.Secrets.Test", "Bushman.Secrets.Test\Bushman.Secrets.Test.csproj", "{65AB9EF8-0D91-4973-ABB1-839795EF65CE}"
EndProject
Project("{FAE04EC0-301F-11D3-BF4B-00C04F79EFBC}") = "Bushman.Extensions.Configuration.Secrets.Test", "Bushman.Extensions.Configuration.Secrets.Test\Bushman.Extensions.Configuration.Secrets.Test.csproj", "{223832DE-559B-4FB7-A3F3-D73CB22E32EF}"
EndProject
Project("{FAE04EC0-301F-11D3-BF4B-00C04F79EFBC}") = "Bushman.Secrets.Abstractions", "Bushman.Secrets.Abstractions\Bushman.Secrets.Abstractions.csproj", "{2DBE5261-0792-4BE9-8315-473988402D68}"
EndProject
Global
	GlobalSection(SolutionConfigurationPlatforms) = preSolution
		Debug|Any CPU = Debug|Any CPU
		Release|Any CPU = Release|Any CPU
	EndGlobalSection
	GlobalSection(ProjectConfigurationPlatforms) = postSolution
		{913803EB-4C2E-4D0A-96BE-EE7C893676F5}.Debug|Any CPU.ActiveCfg = Debug|Any CPU
		{913803EB-4C2E-4D0A-96BE-EE7C893676F5}.Debug|Any CPU.Build.0 = Debug|Any CPU
		{913803EB-4C2E-4D0A-96BE-EE7C893676F5}.Release|Any CPU.ActiveCfg = Release|Any CPU
		{913803EB-4C2E-4D0A-96BE-EE7C893676F5}.Release|Any CPU.Build.0 = Release|Any CPU
		{76EE08A0-6088-44B0-AF27-AA2DA360C3F2}.Debug|Any CPU.ActiveCfg = Debug|Any CPU
		{76EE08A0-6088-44B0-AF27-AA2DA360C3F2}.Debug|Any CPU.Build.0 = Debug|Any CPU
		{76EE08A0-6088-44B0-AF27-AA2DA360C3F2}.Release|Any CPU.ActiveCfg = Release|Any CPU
		{76EE08A0-6088-44B0-AF27-AA2DA360C3F2}.Release|Any CPU.Build.0 = Release|Any CPU
		{65AB9EF8-0D91-4973-ABB1-839795EF65CE}.Debug|Any CPU.ActiveCfg = Debug|Any CPU
		{65AB9EF8-0D91-4973-ABB1-839795EF65CE}.Debug|Any CPU.Build.0 = Debug|Any CPU
		{65AB9EF8-0D91-4973-ABB1-839795EF65CE}.Release|Any CPU.ActiveCfg = Release|Any CPU
		{65AB9EF8-0D91-4973-ABB1-839795EF65CE}.Release|Any CPU.Build.0 = Release|Any CPU
		{223832DE-559B-4FB7-A3F3-D73CB22E32EF}.Debug|Any CPU.ActiveCfg = Debug|Any CPU
		{223832DE-559B-4FB7-A3F3-D73CB22E32EF}.Debug|Any CPU.Build.0 = Debug|Any CPU
		{223832DE-559B-4FB7-A3F3-D73CB22E32EF}.Release|Any CPU.ActiveCfg = Release|Any CPU
		{223832DE-559B-4FB7-A3F3-D73CB22E32EF}.Release|Any CPU.Build.0 = Release|Any CPU
		{2DBE5261-0792-4BE9-8315-473988402D68}.Debug|Any CPU.ActiveCfg = Debug|Any CPU
		{2DBE5261-0792-4BE9-8315-473988402D68}.Debug|Any CPU.Build.0 = Debug|Any CPU
		{2DBE5261-0792-4BE9-8315-473988402D68}.Release|Any CPU.ActiveCfg = Release|Any CPU
		{2DBE5261-0792-4BE9-8315-473988402D68}.Release|Any CPU.Build.0 = Release|Any CPU
	EndGlobalSection
	GlobalSection(SolutionProperties) = preSolution
		HideSolutionNode = FALSE
	EndGlobalSection
	GlobalSection(ExtensibilityGlobals) = postSolution
		SolutionGuid = {F018DD31-8A8F-4452-A8F3-B433682CB06B}
	EndGlobalSection
EndGlobal
